
Microsoft Visual Studio Solution File, Format Version 12.00
# Visual Studio Version 17
VisualStudioVersion = 17.12.35410.144 d17.12
MinimumVisualStudioVersion = 10.0.40219.1
Project("{FAE04EC0-301F-11D3-BF4B-00C04F79EFBC}") = "Shared", "Shared\Shared.csproj", "{7477F955-004C-4628-872E-0297815C4037}"
EndProject
Project("{FAE04EC0-301F-11D3-BF4B-00C04F79EFBC}") = "OrderBy", "OrderBy\OrderBy.csproj", "{9D0FDB0C-E73A-42AB-8C02-A727185C3706}"
EndProject
Project("{FAE04EC0-301F-11D3-BF4B-00C04F79EFBC}") = "ThenBy", "ThenBy\ThenBy.csproj", "{5F42D036-2532-4457-A17F-2E59151741F4}"
EndProject
Project("{FAE04EC0-301F-11D3-BF4B-00C04F79EFBC}") = "Reverse", "Reverse\Reverse.csproj", "{7F69F835-8701-4701-953C-CC5E572EECAA}"
EndProject
Global
	GlobalSection(SolutionConfigurationPlatforms) = preSolution
		Debug|Any CPU = Debug|Any CPU
		Release|Any CPU = Release|Any CPU
	EndGlobalSection
	GlobalSection(ProjectConfigurationPlatforms) = postSolution
		{7477F955-004C-4628-872E-0297815C4037}.Debug|Any CPU.ActiveCfg = Debug|Any CPU
		{7477F955-004C-4628-872E-0297815C4037}.Debug|Any CPU.Build.0 = Debug|Any CPU
		{7477F955-004C-4628-872E-0297815C4037}.Release|Any CPU.ActiveCfg = Release|Any CPU
		{7477F955-004C-4628-872E-0297815C4037}.Release|Any CPU.Build.0 = Release|Any CPU
		{9D0FDB0C-E73A-42AB-8C02-A727185C3706}.Debug|Any CPU.ActiveCfg = Debug|Any CPU
		{9D0FDB0C-E73A-42AB-8C02-A727185C3706}.Debug|Any CPU.Build.0 = Debug|Any CPU
		{9D0FDB0C-E73A-42AB-8C02-A727185C3706}.Release|Any CPU.ActiveCfg = Release|Any CPU
		{9D0FDB0C-E73A-42AB-8C02-A727185C3706}.Release|Any CPU.Build.0 = Release|Any CPU
		{5F42D036-2532-4457-A17F-2E59151741F4}.Debug|Any CPU.ActiveCfg = Debug|Any CPU
		{5F42D036-2532-4457-A17F-2E59151741F4}.Debug|Any CPU.Build.0 = Debug|Any CPU
		{5F42D036-2532-4457-A17F-2E59151741F4}.Release|Any CPU.ActiveCfg = Release|Any CPU
		{5F42D036-2532-4457-A17F-2E59151741F4}.Release|Any CPU.Build.0 = Release|Any CPU
		{7F69F835-8701-4701-953C-CC5E572EECAA}.Debug|Any CPU.ActiveCfg = Debug|Any CPU
		{7F69F835-8701-4701-953C-CC5E572EECAA}.Debug|Any CPU.Build.0 = Debug|Any CPU
		{7F69F835-8701-4701-953C-CC5E572EECAA}.Release|Any CPU.ActiveCfg = Release|Any CPU
		{7F69F835-8701-4701-953C-CC5E572EECAA}.Release|Any CPU.Build.0 = Release|Any CPU
	EndGlobalSection
	GlobalSection(SolutionProperties) = preSolution
		HideSolutionNode = FALSE
	EndGlobalSection
EndGlobal
